// !$*UTF8*$!
{
	archiveVersion = 1;
	classes = {
	};
	objectVersion = 50;
	objects = {

/* Begin PBXBuildFile section */
		CEDF46EF249821CF0054DFDC /* AppDelegate.swift in Sources */ = {isa = PBXBuildFile; fileRef = CEDF46EE249821CF0054DFDC /* AppDelegate.swift */; };
		CEDF46F1249821CF0054DFDC /* SceneDelegate.swift in Sources */ = {isa = PBXBuildFile; fileRef = CEDF46F0249821CF0054DFDC /* SceneDelegate.swift */; };
		CEDF46F3249821CF0054DFDC /* ViewController.swift in Sources */ = {isa = PBXBuildFile; fileRef = CEDF46F2249821CF0054DFDC /* ViewController.swift */; };
		CEDF46F6249821CF0054DFDC /* Main.storyboard in Resources */ = {isa = PBXBuildFile; fileRef = CEDF46F4249821CF0054DFDC /* Main.storyboard */; };
		CEDF46F9249821CF0054DFDC /* BilokosCollector.xcdatamodeld in Sources */ = {isa = PBXBuildFile; fileRef = CEDF46F7249821CF0054DFDC /* BilokosCollector.xcdatamodeld */; };
		CEDF46FB249821D30054DFDC /* Assets.xcassets in Resources */ = {isa = PBXBuildFile; fileRef = CEDF46FA249821D30054DFDC /* Assets.xcassets */; };
		CEDF46FE249821D30054DFDC /* LaunchScreen.storyboard in Resources */ = {isa = PBXBuildFile; fileRef = CEDF46FC249821D30054DFDC /* LaunchScreen.storyboard */; };
		CEDF470624982B920054DFDC /* imgCam.png in Resources */ = {isa = PBXBuildFile; fileRef = CEDF470524982B920054DFDC /* imgCam.png */; };
		CEDF470A24982E9D0054DFDC /* BilokosViewController.swift in Sources */ = {isa = PBXBuildFile; fileRef = CEDF470924982E9D0054DFDC /* BilokosViewController.swift */; };
/* End PBXBuildFile section */

/* Begin PBXFileReference section */
		CEDF46EB249821CF0054DFDC /* BilokosCollector.app */ = {isa = PBXFileReference; explicitFileType = wrapper.application; includeInIndex = 0; path = BilokosCollector.app; sourceTree = BUILT_PRODUCTS_DIR; };
		CEDF46EE249821CF0054DFDC /* AppDelegate.swift */ = {isa = PBXFileReference; lastKnownFileType = sourcecode.swift; path = AppDelegate.swift; sourceTree = "<group>"; };
		CEDF46F0249821CF0054DFDC /* SceneDelegate.swift */ = {isa = PBXFileReference; lastKnownFileType = sourcecode.swift; path = SceneDelegate.swift; sourceTree = "<group>"; };
		CEDF46F2249821CF0054DFDC /* ViewController.swift */ = {isa = PBXFileReference; lastKnownFileType = sourcecode.swift; path = ViewController.swift; sourceTree = "<group>"; };
		CEDF46F5249821CF0054DFDC /* Base */ = {isa = PBXFileReference; lastKnownFileType = file.storyboard; name = Base; path = Base.lproj/Main.storyboard; sourceTree = "<group>"; };
		CEDF46F8249821CF0054DFDC /* BilokosCollector.xcdatamodel */ = {isa = PBXFileReference; lastKnownFileType = wrapper.xcdatamodel; path = BilokosCollector.xcdatamodel; sourceTree = "<group>"; };
		CEDF46FA249821D30054DFDC /* Assets.xcassets */ = {isa = PBXFileReference; lastKnownFileType = folder.assetcatalog; path = Assets.xcassets; sourceTree = "<group>"; };
		CEDF46FD249821D30054DFDC /* Base */ = {isa = PBXFileReference; lastKnownFileType = file.storyboard; name = Base; path = Base.lproj/LaunchScreen.storyboard; sourceTree = "<group>"; };
		CEDF46FF249821D30054DFDC /* Info.plist */ = {isa = PBXFileReference; lastKnownFileType = text.plist.xml; path = Info.plist; sourceTree = "<group>"; };
		CEDF470524982B920054DFDC /* imgCam.png */ = {isa = PBXFileReference; lastKnownFileType = image.png; path = imgCam.png; sourceTree = "<group>"; };
		CEDF470924982E9D0054DFDC /* BilokosViewController.swift */ = {isa = PBXFileReference; lastKnownFileType = sourcecode.swift; path = BilokosViewController.swift; sourceTree = SOURCE_ROOT; };
/* End PBXFileReference section */

/* Begin PBXFrameworksBuildPhase section */
		CEDF46E8249821CF0054DFDC /* Frameworks */ = {
			isa = PBXFrameworksBuildPhase;
			buildActionMask = 2147483647;
			files = (
			);
			runOnlyForDeploymentPostprocessing = 0;
		};
/* End PBXFrameworksBuildPhase section */

/* Begin PBXGroup section */
		CEDF46E2249821CF0054DFDC = {
			isa = PBXGroup;
			children = (
				CEDF46ED249821CF0054DFDC /* BilokosCollector */,
				CEDF46EC249821CF0054DFDC /* Products */,
			);
			sourceTree = "<group>";
		};
		CEDF46EC249821CF0054DFDC /* Products */ = {
			isa = PBXGroup;
			children = (
				CEDF46EB249821CF0054DFDC /* BilokosCollector.app */,
			);
			name = Products;
			sourceTree = "<group>";
		};
		CEDF46ED249821CF0054DFDC /* BilokosCollector */ = {
			isa = PBXGroup;
			children = (
				CEDF470924982E9D0054DFDC /* BilokosViewController.swift */,
				CEDF46EE249821CF0054DFDC /* AppDelegate.swift */,
				CEDF470524982B920054DFDC /* imgCam.png */,
				CEDF46F0249821CF0054DFDC /* SceneDelegate.swift */,
				CEDF46F2249821CF0054DFDC /* ViewController.swift */,
				CEDF46F4249821CF0054DFDC /* Main.storyboard */,
				CEDF46FA249821D30054DFDC /* Assets.xcassets */,
				CEDF46FC249821D30054DFDC /* LaunchScreen.storyboard */,
				CEDF46FF249821D30054DFDC /* Info.plist */,
				CEDF46F7249821CF0054DFDC /* BilokosCollector.xcdatamodeld */,
			);
			path = BilokosCollector;
			sourceTree = "<group>";
		};
/* End PBXGroup section */

/* Begin PBXNativeTarget section */
		CEDF46EA249821CF0054DFDC /* BilokosCollector */ = {
			isa = PBXNativeTarget;
			buildConfigurationList = CEDF4702249821D30054DFDC /* Build configuration list for PBXNativeTarget "BilokosCollector" */;
			buildPhases = (
				CEDF46E7249821CF0054DFDC /* Sources */,
				CEDF46E8249821CF0054DFDC /* Frameworks */,
				CEDF46E9249821CF0054DFDC /* Resources */,
			);
			buildRules = (
			);
			dependencies = (
			);
			name = BilokosCollector;
			productName = BilokosCollector;
			productReference = CEDF46EB249821CF0054DFDC /* BilokosCollector.app */;
			productType = "com.apple.product-type.application";
		};
/* End PBXNativeTarget section */

/* Begin PBXProject section */
		CEDF46E3249821CF0054DFDC /* Project object */ = {
			isa = PBXProject;
			attributes = {
				LastSwiftUpdateCheck = 1150;
				LastUpgradeCheck = 1150;
				ORGANIZATIONNAME = "Krys Ngabi";
				TargetAttributes = {
					CEDF46EA249821CF0054DFDC = {
						CreatedOnToolsVersion = 11.5;
					};
				};
			};
			buildConfigurationList = CEDF46E6249821CF0054DFDC /* Build configuration list for PBXProject "BilokosCollector" */;
			compatibilityVersion = "Xcode 9.3";
			developmentRegion = en;
			hasScannedForEncodings = 0;
			knownRegions = (
				en,
				Base,
			);
			mainGroup = CEDF46E2249821CF0054DFDC;
			productRefGroup = CEDF46EC249821CF0054DFDC /* Products */;
			projectDirPath = "";
			projectRoot = "";
			targets = (
				CEDF46EA249821CF0054DFDC /* BilokosCollector */,
			);
		};
/* End PBXProject section */

/* Begin PBXResourcesBuildPhase section */
		CEDF46E9249821CF0054DFDC /* Resources */ = {
			isa = PBXResourcesBuildPhase;
			buildActionMask = 2147483647;
			files = (
				CEDF46FE249821D30054DFDC /* LaunchScreen.storyboard in Resources */,
				CEDF46FB249821D30054DFDC /* Assets.xcassets in Resources */,
				CEDF46F6249821CF0054DFDC /* Main.storyboard in Resources */,
				CEDF470624982B920054DFDC /* imgCam.png in Resources */,
			);
			runOnlyForDeploymentPostprocessing = 0;
		};
/* End PBXResourcesBuildPhase section */

/* Begin PBXSourcesBuildPhase section */
		CEDF46E7249821CF0054DFDC /* Sources */ = {
			isa = PBXSourcesBuildPhase;
			buildActionMask = 2147483647;
			files = (
				CEDF46F3249821CF0054DFDC /* ViewController.swift in Sources */,
				CEDF46EF249821CF0054DFDC /* AppDelegate.swift in Sources */,
				CEDF46F1249821CF0054DFDC /* SceneDelegate.swift in Sources */,
				CEDF470A24982E9D0054DFDC /* BilokosViewController.swift in Sources */,
				CEDF46F9249821CF0054DFDC /* BilokosCollector.xcdatamodeld in Sources */,
			);
			runOnlyForDeploymentPostprocessing = 0;
		};
/* End PBXSourcesBuildPhase section */

/* Begin PBXVariantGroup section */
		CEDF46F4249821CF0054DFDC /* Main.storyboard */ = {
			isa = PBXVariantGroup;
			children = (
				CEDF46F5249821CF0054DFDC /* Base */,
			);
			name = Main.storyboard;
			sourceTree = "<group>";
		};
		CEDF46FC249821D30054DFDC /* LaunchScreen.storyboard */ = {
			isa = PBXVariantGroup;
			children = (
				CEDF46FD249821D30054DFDC /* Base */,
			);
			name = LaunchScreen.storyboard;
			sourceTree = "<group>";
		};
/* End PBXVariantGroup section */

/* Begin XCBuildConfiguration section */
		CEDF4700249821D30054DFDC /* Debug */ = {
			isa = XCBuildConfiguration;
			buildSettings = {
				ALWAYS_SEARCH_USER_PATHS = NO;
				CLANG_ANALYZER_NONNULL = YES;
				CLANG_ANALYZER_NUMBER_OBJECT_CONVERSION = YES_AGGRESSIVE;
				CLANG_CXX_LANGUAGE_STANDARD = "gnu++14";
				CLANG_CXX_LIBRARY = "libc++";
				CLANG_ENABLE_MODULES = YES;
				CLANG_ENABLE_OBJC_ARC = YES;
				CLANG_ENABLE_OBJC_WEAK = YES;
				CLANG_WARN_BLOCK_CAPTURE_AUTORELEASING = YES;
				CLANG_WARN_BOOL_CONVERSION = YES;
				CLANG_WARN_COMMA = YES;
				CLANG_WARN_CONSTANT_CONVERSION = YES;
				CLANG_WARN_DEPRECATED_OBJC_IMPLEMENTATIONS = YES;
				CLANG_WARN_DIRECT_OBJC_ISA_USAGE = YES_ERROR;
				CLANG_WARN_DOCUMENTATION_COMMENTS = YES;
				CLANG_WARN_EMPTY_BODY = YES;
				CLANG_WARN_ENUM_CONVERSION = YES;
				CLANG_WARN_INFINITE_RECURSION = YES;
				CLANG_WARN_INT_CONVERSION = YES;
				CLANG_WARN_NON_LITERAL_NULL_CONVERSION = YES;
				CLANG_WARN_OBJC_IMPLICIT_RETAIN_SELF = YES;
				CLANG_WARN_OBJC_LITERAL_CONVERSION = YES;
				CLANG_WARN_OBJC_ROOT_CLASS = YES_ERROR;
				CLANG_WARN_RANGE_LOOP_ANALYSIS = YES;
				CLANG_WARN_STRICT_PROTOTYPES = YES;
				CLANG_WARN_SUSPICIOUS_MOVE = YES;
				CLANG_WARN_UNGUARDED_AVAILABILITY = YES_AGGRESSIVE;
				CLANG_WARN_UNREACHABLE_CODE = YES;
				CLANG_WARN__DUPLICATE_METHOD_MATCH = YES;
				COPY_PHASE_STRIP = NO;
				DEBUG_INFORMATION_FORMAT = dwarf;
				ENABLE_STRICT_OBJC_MSGSEND = YES;
				ENABLE_TESTABILITY = YES;
				GCC_C_LANGUAGE_STANDARD = gnu11;
				GCC_DYNAMIC_NO_PIC = NO;
				GCC_NO_COMMON_BLOCKS = YES;
				GCC_OPTIMIZATION_LEVEL = 0;
				GCC_PREPROCESSOR_DEFINITIONS = (
					"DEBUG=1",
					"$(inherited)",
				);
				GCC_WARN_64_TO_32_BIT_CONVERSION = YES;
				GCC_WARN_ABOUT_RETURN_TYPE = YES_ERROR;
				GCC_WARN_UNDECLARED_SELECTOR = YES;
				GCC_WARN_UNINITIALIZED_AUTOS = YES_AGGRESSIVE;
				GCC_WARN_UNUSED_FUNCTION = YES;
				GCC_WARN_UNUSED_VARIABLE = YES;
				IPHONEOS_DEPLOYMENT_TARGET = 13.5;
				MTL_ENABLE_DEBUG_INFO = INCLUDE_SOURCE;
				MTL_FAST_MATH = YES;
				ONLY_ACTIVE_ARCH = YES;
				SDKROOT = iphoneos;
				SWIFT_ACTIVE_COMPILATION_CONDITIONS = DEBUG;
				SWIFT_OPTIMIZATION_LEVEL = "-Onone";
			};
			name = Debug;
		};
		CEDF4701249821D30054DFDC /* Release */ = {
			isa = XCBuildConfiguration;
			buildSettings = {
				ALWAYS_SEARCH_USER_PATHS = NO;
				CLANG_ANALYZER_NONNULL = YES;
				CLANG_ANALYZER_NUMBER_OBJECT_CONVERSION = YES_AGGRESSIVE;
				CLANG_CXX_LANGUAGE_STANDARD = "gnu++14";
				CLANG_CXX_LIBRARY = "libc++";
				CLANG_ENABLE_MODULES = YES;
				CLANG_ENABLE_OBJC_ARC = YES;
				CLANG_ENABLE_OBJC_WEAK = YES;
				CLANG_WARN_BLOCK_CAPTURE_AUTORELEASING = YES;
				CLANG_WARN_BOOL_CONVERSION = YES;
				CLANG_WARN_COMMA = YES;
				CLANG_WARN_CONSTANT_CONVERSION = YES;
				CLANG_WARN_DEPRECATED_OBJC_IMPLEMENTATIONS = YES;
				CLANG_WARN_DIRECT_OBJC_ISA_USAGE = YES_ERROR;
				CLANG_WARN_DOCUMENTATION_COMMENTS = YES;
				CLANG_WARN_EMPTY_BODY = YES;
				CLANG_WARN_ENUM_CONVERSION = YES;
				CLANG_WARN_INFINITE_RECURSION = YES;
				CLANG_WARN_INT_CONVERSION = YES;
				CLANG_WARN_NON_LITERAL_NULL_CONVERSION = YES;
				CLANG_WARN_OBJC_IMPLICIT_RETAIN_SELF = YES;
				CLANG_WARN_OBJC_LITERAL_CONVERSION = YES;
				CLANG_WARN_OBJC_ROOT_CLASS = YES_ERROR;
				CLANG_WARN_RANGE_LOOP_ANALYSIS = YES;
				CLANG_WARN_STRICT_PROTOTYPES = YES;
				CLANG_WARN_SUSPICIOUS_MOVE = YES;
				CLANG_WARN_UNGUARDED_AVAILABILITY = YES_AGGRESSIVE;
				CLANG_WARN_UNREACHABLE_CODE = YES;
				CLANG_WARN__DUPLICATE_METHOD_MATCH = YES;
				COPY_PHASE_STRIP = NO;
				DEBUG_INFORMATION_FORMAT = "dwarf-with-dsym";
				ENABLE_NS_ASSERTIONS = NO;
				ENABLE_STRICT_OBJC_MSGSEND = YES;
				GCC_C_LANGUAGE_STANDARD = gnu11;
				GCC_NO_COMMON_BLOCKS = YES;
				GCC_WARN_64_TO_32_BIT_CONVERSION = YES;
				GCC_WARN_ABOUT_RETURN_TYPE = YES_ERROR;
				GCC_WARN_UNDECLARED_SELECTOR = YES;
				GCC_WARN_UNINITIALIZED_AUTOS = YES_AGGRESSIVE;
				GCC_WARN_UNUSED_FUNCTION = YES;
				GCC_WARN_UNUSED_VARIABLE = YES;
				IPHONEOS_DEPLOYMENT_TARGET = 13.5;
				MTL_ENABLE_DEBUG_INFO = NO;
				MTL_FAST_MATH = YES;
				SDKROOT = iphoneos;
				SWIFT_COMPILATION_MODE = wholemodule;
				SWIFT_OPTIMIZATION_LEVEL = "-O";
				VALIDATE_PRODUCT = YES;
			};
			name = Release;
		};
		CEDF4703249821D30054DFDC /* Debug */ = {
			isa = XCBuildConfiguration;
			buildSettings = {
				ASSETCATALOG_COMPILER_APPICON_NAME = AppIcon;
				CODE_SIGN_STYLE = Automatic;
				INFOPLIST_FILE = BilokosCollector/Info.plist;
				LD_RUNPATH_SEARCH_PATHS = (
					"$(inherited)",
					"@executable_path/Frameworks",
				);
				PRODUCT_BUNDLE_IDENTIFIER = com.smartit243.BilokosCollector;
				PRODUCT_NAME = "$(TARGET_NAME)";
				SWIFT_VERSION = 5.0;
				TARGETED_DEVICE_FAMILY = "1,2";
			};
			name = Debug;
		};
		CEDF4704249821D30054DFDC /* Release */ = {
			isa = XCBuildConfiguration;
			buildSettings = {
				ASSETCATALOG_COMPILER_APPICON_NAME = AppIcon;
				CODE_SIGN_STYLE = Automatic;
				INFOPLIST_FILE = BilokosCollector/Info.plist;
				LD_RUNPATH_SEARCH_PATHS = (
					"$(inherited)",
					"@executable_path/Frameworks",
				);
				PRODUCT_BUNDLE_IDENTIFIER = com.smartit243.BilokosCollector;
				PRODUCT_NAME = "$(TARGET_NAME)";
				SWIFT_VERSION = 5.0;
				TARGETED_DEVICE_FAMILY = "1,2";
			};
			name = Release;
		};
/* End XCBuildConfiguration section */

/* Begin XCConfigurationList section */
		CEDF46E6249821CF0054DFDC /* Build configuration list for PBXProject "BilokosCollector" */ = {
			isa = XCConfigurationList;
			buildConfigurations = (
				CEDF4700249821D30054DFDC /* Debug */,
				CEDF4701249821D30054DFDC /* Release */,
			);
			defaultConfigurationIsVisible = 0;
			defaultConfigurationName = Release;
		};
		CEDF4702249821D30054DFDC /* Build configuration list for PBXNativeTarget "BilokosCollector" */ = {
			isa = XCConfigurationList;
			buildConfigurations = (
				CEDF4703249821D30054DFDC /* Debug */,
				CEDF4704249821D30054DFDC /* Release */,
			);
			defaultConfigurationIsVisible = 0;
			defaultConfigurationName = Release;
		};
/* End XCConfigurationList section */

/* Begin XCVersionGroup section */
		CEDF46F7249821CF0054DFDC /* BilokosCollector.xcdatamodeld */ = {
			isa = XCVersionGroup;
			children = (
				CEDF46F8249821CF0054DFDC /* BilokosCollector.xcdatamodel */,
			);
			currentVersion = CEDF46F8249821CF0054DFDC /* BilokosCollector.xcdatamodel */;
			path = BilokosCollector.xcdatamodeld;
			sourceTree = "<group>";
			versionGroupType = wrapper.xcdatamodel;
		};
/* End XCVersionGroup section */
	};
	rootObject = CEDF46E3249821CF0054DFDC /* Project object */;
}
